Microsoft Visual Studio Solution File, Format Version 12.00
# Visual Studio Version 17
VisualStudioVersion = 17.5.2.0
MinimumVisualStudioVersion = 10.0.40219.1
Project("{FAE04EC0-301F-11D3-BF4B-00C04F79EFBC}") = "Chat-AI", "Chat-AI.csproj", "{26F232D7-6DB5-99E5-0166-84E6AAAFE2D6}"
EndProject
Global
	GlobalSection(SolutionConfigurationPlatforms) = preSolution
		Debug|Any CPU = Debug|Any CPU
		Release|Any CPU = Release|Any CPU
	EndGlobalSection
	GlobalSection(ProjectConfigurationPlatforms) = postSolution
		{26F232D7-6DB5-99E5-0166-84E6AAAFE2D6}.Debug|Any CPU.ActiveCfg = Debug|Any CPU
		{26F232D7-6DB5-99E5-0166-84E6AAAFE2D6}.Debug|Any CPU.Build.0 = Debug|Any CPU
		{26F232D7-6DB5-99E5-0166-84E6AAAFE2D6}.Release|Any CPU.ActiveCfg = Release|Any CPU
		{26F232D7-6DB5-99E5-0166-84E6AAAFE2D6}.Release|Any CPU.Build.0 = Release|Any CPU
	EndGlobalSection
	GlobalSection(SolutionProperties) = preSolution
		HideSolutionNode = FALSE
	EndGlobalSection
	GlobalSection(ExtensibilityGlobals) = postSolution
		SolutionGuid = {E6BE97B1-16EB-4360-BC1A-C23D73AB06BC}
	EndGlobalSection
EndGlobal
